
Microsoft Visual Studio Solution File, Format Version 12.00
# Visual Studio 15
VisualStudioVersion = 15.0.26730.16
MinimumVisualStudioVersion = 10.0.40219.1
Project("{FAE04EC0-301F-11D3-BF4B-00C04F79EFBC}") = "SendGridFunctions", "SendGridFunctions\SendGridFunctions.csproj", "{6E826BB3-3F24-41A7-8C8D-7B8CD441DA67}"
EndProject
Global
	GlobalSection(SolutionConfigurationPlatforms) = preSolution
		Debug|Any CPU = Debug|Any CPU
		Release|Any CPU = Release|Any CPU
	EndGlobalSection
	GlobalSection(ProjectConfigurationPlatforms) = postSolution
		{6E826BB3-3F24-41A7-8C8D-7B8CD441DA67}.Debug|Any CPU.ActiveCfg = Debug|Any CPU
		{6E826BB3-3F24-41A7-8C8D-7B8CD441DA67}.Debug|Any CPU.Build.0 = Debug|Any CPU
		{6E826BB3-3F24-41A7-8C8D-7B8CD441DA67}.Release|Any CPU.ActiveCfg = Release|Any CPU
		{6E826BB3-3F24-41A7-8C8D-7B8CD441DA67}.Release|Any CPU.Build.0 = Release|Any CPU
	EndGlobalSection
	GlobalSection(SolutionProperties) = preSolution
		HideSolutionNode = FALSE
	EndGlobalSection
	GlobalSection(ExtensibilityGlobals) = postSolution
		SolutionGuid = {E7263146-2107-4FB3-B66D-74068166B104}
	EndGlobalSection
EndGlobal
